// !$*UTF8*$!
{
	archiveVersion = 1;
	classes = {
	};
	objectVersion = 48;
	objects = {

/* Begin PBXBuildFile section */
		4F06534A206FF79F00946704 /* DayWeatherCell.swift in Sources */ = {isa = PBXBuildFile; fileRef = 4F065349206FF79F00946704 /* DayWeatherCell.swift */; };
		4F06534C2071EE4100946704 /* TimeInterval+format.swift in Sources */ = {isa = PBXBuildFile; fileRef = 4F06534B2071EE4100946704 /* TimeInterval+format.swift */; };
		4F06534E2072876E00946704 /* HourlyWeatherCell.swift in Sources */ = {isa = PBXBuildFile; fileRef = 4F06534D2072876E00946704 /* HourlyWeatherCell.swift */; };
		4F0653502072AA8400946704 /* WeatherLocation.swift in Sources */ = {isa = PBXBuildFile; fileRef = 4F06534F2072AA8400946704 /* WeatherLocation.swift */; };
		4F3E8EF8205AC93B00FDDE58 /* AppDelegate.swift in Sources */ = {isa = PBXBuildFile; fileRef = 4F3E8EF7205AC93B00FDDE58 /* AppDelegate.swift */; };
		4F3E8EFD205AC93C00FDDE58 /* Main.storyboard in Resources */ = {isa = PBXBuildFile; fileRef = 4F3E8EFB205AC93C00FDDE58 /* Main.storyboard */; };
		4F3E8EFF205AC93C00FDDE58 /* Assets.xcassets in Resources */ = {isa = PBXBuildFile; fileRef = 4F3E8EFE205AC93C00FDDE58 /* Assets.xcassets */; };
		4F3E8F02205AC93C00FDDE58 /* LaunchScreen.storyboard in Resources */ = {isa = PBXBuildFile; fileRef = 4F3E8F00205AC93C00FDDE58 /* LaunchScreen.storyboard */; };
		4F3E8F0A205AC9B700FDDE58 /* DetailVC.swift in Sources */ = {isa = PBXBuildFile; fileRef = 4F3E8F09205AC9B700FDDE58 /* DetailVC.swift */; };
		4F3E8F0C205AD2FC00FDDE58 /* ListVC.swift in Sources */ = {isa = PBXBuildFile; fileRef = 4F3E8F0B205AD2FC00FDDE58 /* ListVC.swift */; };
		4F3E8F0E205AD57700FDDE58 /* PageVC.swift in Sources */ = {isa = PBXBuildFile; fileRef = 4F3E8F0D205AD57700FDDE58 /* PageVC.swift */; };
		4FBE76262072C86A00220898 /* AboutVC.swift in Sources */ = {isa = PBXBuildFile; fileRef = 4FBE76252072C86A00220898 /* AboutVC.swift */; };
		4FD6AF922069456500174718 /* WeatherDetail.swift in Sources */ = {isa = PBXBuildFile; fileRef = 4FD6AF912069456500174718 /* WeatherDetail.swift */; };
		4FD6AFB22069DDF500174718 /* Constants.swift in Sources */ = {isa = PBXBuildFile; fileRef = 4FD6AFB12069DDF500174718 /* Constants.swift */; };
		F9F61C98E9565E84987A2554 /* Pods_WeatherGift.framework in Frameworks */ = {isa = PBXBuildFile; fileRef = A729B1B54811A1872B5741FD /* Pods_WeatherGift.framework */; };
/* End PBXBuildFile section */

/* Begin PBXFileReference section */
		4F065349206FF79F00946704 /* DayWeatherCell.swift */ = {isa = PBXFileReference; lastKnownFileType = sourcecode.swift; path = DayWeatherCell.swift; sourceTree = "<group>"; };
		4F06534B2071EE4100946704 /* TimeInterval+format.swift */ = {isa = PBXFileReference; lastKnownFileType = sourcecode.swift; path = "TimeInterval+format.swift"; sourceTree = "<group>"; };
		4F06534D2072876E00946704 /* HourlyWeatherCell.swift */ = {isa = PBXFileReference; lastKnownFileType = sourcecode.swift; path = HourlyWeatherCell.swift; sourceTree = "<group>"; };
		4F06534F2072AA8400946704 /* WeatherLocation.swift */ = {isa = PBXFileReference; lastKnownFileType = sourcecode.swift; path = WeatherLocation.swift; sourceTree = "<group>"; };
		4F3E8EF4205AC93B00FDDE58 /* WeatherGift.app */ = {isa = PBXFileReference; explicitFileType = wrapper.application; includeInIndex = 0; path = WeatherGift.app; sourceTree = BUILT_PRODUCTS_DIR; };
		4F3E8EF7205AC93B00FDDE58 /* AppDelegate.swift */ = {isa = PBXFileReference; lastKnownFileType = sourcecode.swift; path = AppDelegate.swift; sourceTree = "<group>"; };
		4F3E8EFC205AC93C00FDDE58 /* Base */ = {isa = PBXFileReference; lastKnownFileType = file.storyboard; name = Base; path = Base.lproj/Main.storyboard; sourceTree = "<group>"; };
		4F3E8EFE205AC93C00FDDE58 /* Assets.xcassets */ = {isa = PBXFileReference; lastKnownFileType = folder.assetcatalog; path = Assets.xcassets; sourceTree = "<group>"; };
		4F3E8F01205AC93C00FDDE58 /* Base */ = {isa = PBXFileReference; lastKnownFileType = file.storyboard; name = Base; path = Base.lproj/LaunchScreen.storyboard; sourceTree = "<group>"; };
		4F3E8F03205AC93C00FDDE58 /* Info.plist */ = {isa = PBXFileReference; lastKnownFileType = text.plist.xml; path = Info.plist; sourceTree = "<group>"; };
		4F3E8F09205AC9B700FDDE58 /* DetailVC.swift */ = {isa = PBXFileReference; lastKnownFileType = sourcecode.swift; path = DetailVC.swift; sourceTree = "<group>"; };
		4F3E8F0B205AD2FC00FDDE58 /* ListVC.swift */ = {isa = PBXFileReference; lastKnownFileType = sourcecode.swift; path = ListVC.swift; sourceTree = "<group>"; };
		4F3E8F0D205AD57700FDDE58 /* PageVC.swift */ = {isa = PBXFileReference; lastKnownFileType = sourcecode.swift; path = PageVC.swift; sourceTree = "<group>"; };
		4FBE76252072C86A00220898 /* AboutVC.swift */ = {isa = PBXFileReference; lastKnownFileType = sourcecode.swift; path = AboutVC.swift; sourceTree = "<group>"; };
		4FD6AF912069456500174718 /* WeatherDetail.swift */ = {isa = PBXFileReference; lastKnownFileType = sourcecode.swift; path = WeatherDetail.swift; sourceTree = "<group>"; };
		4FD6AFB12069DDF500174718 /* Constants.swift */ = {isa = PBXFileReference; lastKnownFileType = sourcecode.swift; path = Constants.swift; sourceTree = "<group>"; };
		A729B1B54811A1872B5741FD /* Pods_WeatherGift.framework */ = {isa = PBXFileReference; explicitFileType = wrapper.framework; includeInIndex = 0; path = Pods_WeatherGift.framework; sourceTree = BUILT_PRODUCTS_DIR; };
		D482DA8D952090C15AC8193F /* Pods-WeatherGift.debug.xcconfig */ = {isa = PBXFileReference; includeInIndex = 1; lastKnownFileType = text.xcconfig; name = "Pods-WeatherGift.debug.xcconfig"; path = "Pods/Target Support Files/Pods-WeatherGift/Pods-WeatherGift.debug.xcconfig"; sourceTree = "<group>"; };
		FDCBC9CC19858CDC4DDB2E0B /* Pods-WeatherGift.release.xcconfig */ = {isa = PBXFileReference; includeInIndex = 1; lastKnownFileType = text.xcconfig; name = "Pods-WeatherGift.release.xcconfig"; path = "Pods/Target Support Files/Pods-WeatherGift/Pods-WeatherGift.release.xcconfig"; sourceTree = "<group>"; };
/* End PBXFileReference section */

/* Begin PBXFrameworksBuildPhase section */
		4F3E8EF1205AC93B00FDDE58 /* Frameworks */ = {
			isa = PBXFrameworksBuildPhase;
			buildActionMask = 2147483647;
			files = (
				F9F61C98E9565E84987A2554 /* Pods_WeatherGift.framework in Frameworks */,
			);
			runOnlyForDeploymentPostprocessing = 0;
		};
/* End PBXFrameworksBuildPhase section */

/* Begin PBXGroup section */
		4F3E8EEB205AC93B00FDDE58 = {
			isa = PBXGroup;
			children = (
				4F3E8EF6205AC93B00FDDE58 /* WeatherGift */,
				4F3E8EF5205AC93B00FDDE58 /* Products */,
				FB28D80005F6CF0D4747B822 /* Pods */,
				FD58C1CE18E7D76D63B3E9B8 /* Frameworks */,
			);
			sourceTree = "<group>";
		};
		4F3E8EF5205AC93B00FDDE58 /* Products */ = {
			isa = PBXGroup;
			children = (
				4F3E8EF4205AC93B00FDDE58 /* WeatherGift.app */,
			);
			name = Products;
			sourceTree = "<group>";
		};
		4F3E8EF6205AC93B00FDDE58 /* WeatherGift */ = {
			isa = PBXGroup;
			children = (
				4F3E8EF7205AC93B00FDDE58 /* AppDelegate.swift */,
				4F06534F2072AA8400946704 /* WeatherLocation.swift */,
				4FD6AF912069456500174718 /* WeatherDetail.swift */,
				4FBE76252072C86A00220898 /* AboutVC.swift */,
				4F3E8F0D205AD57700FDDE58 /* PageVC.swift */,
				4F3E8F0B205AD2FC00FDDE58 /* ListVC.swift */,
				4F3E8F09205AC9B700FDDE58 /* DetailVC.swift */,
				4F065349206FF79F00946704 /* DayWeatherCell.swift */,
				4F06534D2072876E00946704 /* HourlyWeatherCell.swift */,
				4F06534B2071EE4100946704 /* TimeInterval+format.swift */,
				4FD6AFB12069DDF500174718 /* Constants.swift */,
				4F3E8EFB205AC93C00FDDE58 /* Main.storyboard */,
				4F3E8EFE205AC93C00FDDE58 /* Assets.xcassets */,
				4F3E8F00205AC93C00FDDE58 /* LaunchScreen.storyboard */,
				4F3E8F03205AC93C00FDDE58 /* Info.plist */,
			);
			path = WeatherGift;
			sourceTree = "<group>";
		};
		FB28D80005F6CF0D4747B822 /* Pods */ = {
			isa = PBXGroup;
			children = (
				D482DA8D952090C15AC8193F /* Pods-WeatherGift.debug.xcconfig */,
				FDCBC9CC19858CDC4DDB2E0B /* Pods-WeatherGift.release.xcconfig */,
			);
			name = Pods;
			sourceTree = "<group>";
		};
		FD58C1CE18E7D76D63B3E9B8 /* Frameworks */ = {
			isa = PBXGroup;
			children = (
				A729B1B54811A1872B5741FD /* Pods_WeatherGift.framework */,
			);
			name = Frameworks;
			sourceTree = "<group>";
		};
/* End PBXGroup section */

/* Begin PBXNativeTarget section */
		4F3E8EF3205AC93B00FDDE58 /* WeatherGift */ = {
			isa = PBXNativeTarget;
			buildConfigurationList = 4F3E8F06205AC93C00FDDE58 /* Build configuration list for PBXNativeTarget "WeatherGift" */;
			buildPhases = (
				062857A7380960213660B2BE /* [CP] Check Pods Manifest.lock */,
				4F3E8EF0205AC93B00FDDE58 /* Sources */,
				4F3E8EF1205AC93B00FDDE58 /* Frameworks */,
				4F3E8EF2205AC93B00FDDE58 /* Resources */,
				6411895A3DE6664A0754C65C /* [CP] Embed Pods Frameworks */,
				5F9569E7935AEDCB25B181D2 /* [CP] Copy Pods Resources */,
			);
			buildRules = (
			);
			dependencies = (
			);
			name = WeatherGift;
			productName = WeatherGift;
			productReference = 4F3E8EF4205AC93B00FDDE58 /* WeatherGift.app */;
			productType = "com.apple.product-type.application";
		};
/* End PBXNativeTarget section */

/* Begin PBXProject section */
		4F3E8EEC205AC93B00FDDE58 /* Project object */ = {
			isa = PBXProject;
			attributes = {
				LastSwiftUpdateCheck = 0920;
				LastUpgradeCheck = 0920;
				ORGANIZATIONNAME = "Noah Clark";
				TargetAttributes = {
					4F3E8EF3205AC93B00FDDE58 = {
						CreatedOnToolsVersion = 9.2;
						ProvisioningStyle = Automatic;
					};
				};
			};
			buildConfigurationList = 4F3E8EEF205AC93B00FDDE58 /* Build configuration list for PBXProject "WeatherGift" */;
			compatibilityVersion = "Xcode 8.0";
			developmentRegion = en;
			hasScannedForEncodings = 0;
			knownRegions = (
				en,
				Base,
			);
			mainGroup = 4F3E8EEB205AC93B00FDDE58;
			productRefGroup = 4F3E8EF5205AC93B00FDDE58 /* Products */;
			projectDirPath = "";
			projectRoot = "";
			targets = (
				4F3E8EF3205AC93B00FDDE58 /* WeatherGift */,
			);
		};
/* End PBXProject section */

/* Begin PBXResourcesBuildPhase section */
		4F3E8EF2205AC93B00FDDE58 /* Resources */ = {
			isa = PBXResourcesBuildPhase;
			buildActionMask = 2147483647;
			files = (
				4F3E8F02205AC93C00FDDE58 /* LaunchScreen.storyboard in Resources */,
				4F3E8EFF205AC93C00FDDE58 /* Assets.xcassets in Resources */,
				4F3E8EFD205AC93C00FDDE58 /* Main.storyboard in Resources */,
			);
			runOnlyForDeploymentPostprocessing = 0;
		};
/* End PBXResourcesBuildPhase section */

/* Begin PBXShellScriptBuildPhase section */
		062857A7380960213660B2BE /* [CP] Check Pods Manifest.lock */ = {
			isa = PBXShellScriptBuildPhase;
			buildActionMask = 2147483647;
			files = (
			);
			inputPaths = (
				"${PODS_PODFILE_DIR_PATH}/Podfile.lock",
				"${PODS_ROOT}/Manifest.lock",
			);
			name = "[CP] Check Pods Manifest.lock";
			outputPaths = (
				"$(DERIVED_FILE_DIR)/Pods-WeatherGift-checkManifestLockResult.txt",
			);
			runOnlyForDeploymentPostprocessing = 0;
			shellPath = /bin/sh;
			shellScript = "diff \"${PODS_PODFILE_DIR_PATH}/Podfile.lock\" \"${PODS_ROOT}/Manifest.lock\" > /dev/null\nif [ $? != 0 ] ; then\n    # print error to STDERR\n    echo \"error: The sandbox is not in sync with the Podfile.lock. Run 'pod install' or update your CocoaPods installation.\" >&2\n    exit 1\nfi\n# This output is used by Xcode 'outputs' to avoid re-running this script phase.\necho \"SUCCESS\" > \"${SCRIPT_OUTPUT_FILE_0}\"\n";
			showEnvVarsInLog = 0;
		};
		5F9569E7935AEDCB25B181D2 /* [CP] Copy Pods Resources */ = {
			isa = PBXShellScriptBuildPhase;
			buildActionMask = 2147483647;
			files = (
			);
			inputPaths = (
				"${SRCROOT}/Pods/Target Support Files/Pods-WeatherGift/Pods-WeatherGift-resources.sh",
				"${PODS_ROOT}/GooglePlaces/Frameworks/GooglePlaces.framework/Resources/GooglePlaces.bundle",
			);
			name = "[CP] Copy Pods Resources";
			outputPaths = (
				"${TARGET_BUILD_DIR}/${UNLOCALIZED_RESOURCES_FOLDER_PATH}/GooglePlaces.bundle",
			);
			runOnlyForDeploymentPostprocessing = 0;
			shellPath = /bin/sh;
			shellScript = "\"${SRCROOT}/Pods/Target Support Files/Pods-WeatherGift/Pods-WeatherGift-resources.sh\"\n";
			showEnvVarsInLog = 0;
		};
		6411895A3DE6664A0754C65C /* [CP] Embed Pods Frameworks */ = {
			isa = PBXShellScriptBuildPhase;
			buildActionMask = 2147483647;
			files = (
			);
			inputPaths = (
				"${SRCROOT}/Pods/Target Support Files/Pods-WeatherGift/Pods-WeatherGift-frameworks.sh",
				"${BUILT_PRODUCTS_DIR}/Alamofire/Alamofire.framework",
				"${BUILT_PRODUCTS_DIR}/SwiftyJSON/SwiftyJSON.framework",
			);
			name = "[CP] Embed Pods Frameworks";
			outputPaths = (
				"${TARGET_BUILD_DIR}/${FRAMEWORKS_FOLDER_PATH}/Alamofire.framework",
				"${TARGET_BUILD_DIR}/${FRAMEWORKS_FOLDER_PATH}/SwiftyJSON.framework",
			);
			runOnlyForDeploymentPostprocessing = 0;
			shellPath = /bin/sh;
			shellScript = "\"${SRCROOT}/Pods/Target Support Files/Pods-WeatherGift/Pods-WeatherGift-frameworks.sh\"\n";
			showEnvVarsInLog = 0;
		};
/* End PBXShellScriptBuildPhase section */

/* Begin PBXSourcesBuildPhase section */
		4F3E8EF0205AC93B00FDDE58 /* Sources */ = {
			isa = PBXSourcesBuildPhase;
			buildActionMask = 2147483647;
			files = (
				4F06534A206FF79F00946704 /* DayWeatherCell.swift in Sources */,
				4F06534E2072876E00946704 /* HourlyWeatherCell.swift in Sources */,
				4FD6AF922069456500174718 /* WeatherDetail.swift in Sources */,
				4F3E8F0C205AD2FC00FDDE58 /* ListVC.swift in Sources */,
				4F3E8F0E205AD57700FDDE58 /* PageVC.swift in Sources */,
				4F0653502072AA8400946704 /* WeatherLocation.swift in Sources */,
				4F06534C2071EE4100946704 /* TimeInterval+format.swift in Sources */,
				4F3E8EF8205AC93B00FDDE58 /* AppDelegate.swift in Sources */,
				4F3E8F0A205AC9B700FDDE58 /* DetailVC.swift in Sources */,
				4FBE76262072C86A00220898 /* AboutVC.swift in Sources */,
				4FD6AFB22069DDF500174718 /* Constants.swift in Sources */,
			);
			runOnlyForDeploymentPostprocessing = 0;
		};
/* End PBXSourcesBuildPhase section */

/* Begin PBXVariantGroup section */
		4F3E8EFB205AC93C00FDDE58 /* Main.storyboard */ = {
			isa = PBXVariantGroup;
			children = (
				4F3E8EFC205AC93C00FDDE58 /* Base */,
			);
			name = Main.storyboard;
			sourceTree = "<group>";
		};
		4F3E8F00205AC93C00FDDE58 /* LaunchScreen.storyboard */ = {
			isa = PBXVariantGroup;
			children = (
				4F3E8F01205AC93C00FDDE58 /* Base */,
			);
			name = LaunchScreen.storyboard;
			sourceTree = "<group>";
		};
/* End PBXVariantGroup section */

/* Begin XCBuildConfiguration section */
		4F3E8F04205AC93C00FDDE58 /* Debug */ = {
			isa = XCBuildConfiguration;
			buildSettings = {
				ALWAYS_SEARCH_USER_PATHS = NO;
				CLANG_ANALYZER_NONNULL = YES;
				CLANG_ANALYZER_NUMBER_OBJECT_CONVERSION = YES_AGGRESSIVE;
				CLANG_CXX_LANGUAGE_STANDARD = "gnu++14";
				CLANG_CXX_LIBRARY = "libc++";
				CLANG_ENABLE_MODULES = YES;
				CLANG_ENABLE_OBJC_ARC = YES;
				CLANG_WARN_BLOCK_CAPTURE_AUTORELEASING = YES;
				CLANG_WARN_BOOL_CONVERSION = YES;
				CLANG_WARN_COMMA = YES;
				CLANG_WARN_CONSTANT_CONVERSION = YES;
				CLANG_WARN_DIRECT_OBJC_ISA_USAGE = YES_ERROR;
				CLANG_WARN_DOCUMENTATION_COMMENTS = YES;
				CLANG_WARN_EMPTY_BODY = YES;
				CLANG_WARN_ENUM_CONVERSION = YES;
				CLANG_WARN_INFINITE_RECURSION = YES;
				CLANG_WARN_INT_CONVERSION = YES;
				CLANG_WARN_NON_LITERAL_NULL_CONVERSION = YES;
				CLANG_WARN_OBJC_LITERAL_CONVERSION = YES;
				CLANG_WARN_OBJC_ROOT_CLASS = YES_ERROR;
				CLANG_WARN_RANGE_LOOP_ANALYSIS = YES;
				CLANG_WARN_STRICT_PROTOTYPES = YES;
				CLANG_WARN_SUSPICIOUS_MOVE = YES;
				CLANG_WARN_UNGUARDED_AVAILABILITY = YES_AGGRESSIVE;
				CLANG_WARN_UNREACHABLE_CODE = YES;
				CLANG_WARN__DUPLICATE_METHOD_MATCH = YES;
				CODE_SIGN_IDENTITY = "iPhone Developer";
				COPY_PHASE_STRIP = NO;
				DEBUG_INFORMATION_FORMAT = dwarf;
				ENABLE_STRICT_OBJC_MSGSEND = YES;
				ENABLE_TESTABILITY = YES;
				GCC_C_LANGUAGE_STANDARD = gnu11;
				GCC_DYNAMIC_NO_PIC = NO;
				GCC_NO_COMMON_BLOCKS = YES;
				GCC_OPTIMIZATION_LEVEL = 0;
				GCC_PREPROCESSOR_DEFINITIONS = (
					"DEBUG=1",
					"$(inherited)",
				);
				GCC_WARN_64_TO_32_BIT_CONVERSION = YES;
				GCC_WARN_ABOUT_RETURN_TYPE = YES_ERROR;
				GCC_WARN_UNDECLARED_SELECTOR = YES;
				GCC_WARN_UNINITIALIZED_AUTOS = YES_AGGRESSIVE;
				GCC_WARN_UNUSED_FUNCTION = YES;
				GCC_WARN_UNUSED_VARIABLE = YES;
				IPHONEOS_DEPLOYMENT_TARGET = 11.3;
				MTL_ENABLE_DEBUG_INFO = YES;
				ONLY_ACTIVE_ARCH = YES;
				SDKROOT = iphoneos;
				SWIFT_ACTIVE_COMPILATION_CONDITIONS = DEBUG;
				SWIFT_OPTIMIZATION_LEVEL = "-Onone";
			};
			name = Debug;
		};
		4F3E8F05205AC93C00FDDE58 /* Release */ = {
			isa = XCBuildConfiguration;
			buildSettings = {
				ALWAYS_SEARCH_USER_PATHS = NO;
				CLANG_ANALYZER_NONNULL = YES;
				CLANG_ANALYZER_NUMBER_OBJECT_CONVERSION = YES_AGGRESSIVE;
				CLANG_CXX_LANGUAGE_STANDARD = "gnu++14";
				CLANG_CXX_LIBRARY = "libc++";
				CLANG_ENABLE_MODULES = YES;
				CLANG_ENABLE_OBJC_ARC = YES;
				CLANG_WARN_BLOCK_CAPTURE_AUTORELEASING = YES;
				CLANG_WARN_BOOL_CONVERSION = YES;
				CLANG_WARN_COMMA = YES;
				CLANG_WARN_CONSTANT_CONVERSION = YES;
				CLANG_WARN_DIRECT_OBJC_ISA_USAGE = YES_ERROR;
				CLANG_WARN_DOCUMENTATION_COMMENTS = YES;
				CLANG_WARN_EMPTY_BODY = YES;
				CLANG_WARN_ENUM_CONVERSION = YES;
				CLANG_WARN_INFINITE_RECURSION = YES;
				CLANG_WARN_INT_CONVERSION = YES;
				CLANG_WARN_NON_LITERAL_NULL_CONVERSION = YES;
				CLANG_WARN_OBJC_LITERAL_CONVERSION = YES;
				CLANG_WARN_OBJC_ROOT_CLASS = YES_ERROR;
				CLANG_WARN_RANGE_LOOP_ANALYSIS = YES;
				CLANG_WARN_STRICT_PROTOTYPES = YES;
				CLANG_WARN_SUSPICIOUS_MOVE = YES;
				CLANG_WARN_UNGUARDED_AVAILABILITY = YES_AGGRESSIVE;
				CLANG_WARN_UNREACHABLE_CODE = YES;
				CLANG_WARN__DUPLICATE_METHOD_MATCH = YES;
				CODE_SIGN_IDENTITY = "iPhone Developer";
				COPY_PHASE_STRIP = NO;
				DEBUG_INFORMATION_FORMAT = "dwarf-with-dsym";
				ENABLE_NS_ASSERTIONS = NO;
				ENABLE_STRICT_OBJC_MSGSEND = YES;
				GCC_C_LANGUAGE_STANDARD = gnu11;
				GCC_NO_COMMON_BLOCKS = YES;
				GCC_WARN_64_TO_32_BIT_CONVERSION = YES;
				GCC_WARN_ABOUT_RETURN_TYPE = YES_ERROR;
				GCC_WARN_UNDECLARED_SELECTOR = YES;
				GCC_WARN_UNINITIALIZED_AUTOS = YES_AGGRESSIVE;
				GCC_WARN_UNUSED_FUNCTION = YES;
				GCC_WARN_UNUSED_VARIABLE = YES;
				IPHONEOS_DEPLOYMENT_TARGET = 11.3;
				MTL_ENABLE_DEBUG_INFO = NO;
				SDKROOT = iphoneos;
				SWIFT_OPTIMIZATION_LEVEL = "-Owholemodule";
				VALIDATE_PRODUCT = YES;
			};
			name = Release;
		};
		4F3E8F07205AC93C00FDDE58 /* Debug */ = {
			isa = XCBuildConfiguration;
			baseConfigurationReference = D482DA8D952090C15AC8193F /* Pods-WeatherGift.debug.xcconfig */;
			buildSettings = {
				ASSETCATALOG_COMPILER_APPICON_NAME = AppIcon;
				CODE_SIGN_STYLE = Automatic;
				DEVELOPMENT_TEAM = 48QAB2JHUQ;
				INFOPLIST_FILE = WeatherGift/Info.plist;
				IPHONEOS_DEPLOYMENT_TARGET = 11.2;
				LD_RUNPATH_SEARCH_PATHS = "$(inherited) @executable_path/Frameworks";
				PRODUCT_BUNDLE_IDENTIFIER = com.noah.WeatherGift;
				PRODUCT_NAME = "$(TARGET_NAME)";
				SWIFT_VERSION = 4.0;
				TARGETED_DEVICE_FAMILY = "1,2";
			};
			name = Debug;
		};
		4F3E8F08205AC93C00FDDE58 /* Release */ = {
			isa = XCBuildConfiguration;
			baseConfigurationReference = FDCBC9CC19858CDC4DDB2E0B /* Pods-WeatherGift.release.xcconfig */;
			buildSettings = {
				ASSETCATALOG_COMPILER_APPICON_NAME = AppIcon;
				CODE_SIGN_STYLE = Automatic;
				DEVELOPMENT_TEAM = 48QAB2JHUQ;
				INFOPLIST_FILE = WeatherGift/Info.plist;
				IPHONEOS_DEPLOYMENT_TARGET = 11.2;
				LD_RUNPATH_SEARCH_PATHS = "$(inherited) @executable_path/Frameworks";
				PRODUCT_BUNDLE_IDENTIFIER = com.noah.WeatherGift;
				PRODUCT_NAME = "$(TARGET_NAME)";
				SWIFT_VERSION = 4.0;
				TARGETED_DEVICE_FAMILY = "1,2";
			};
			name = Release;
		};
/* End XCBuildConfiguration section */

/* Begin XCConfigurationList section */
		4F3E8EEF205AC93B00FDDE58 /* Build configuration list for PBXProject "WeatherGift" */ = {
			isa = XCConfigurationList;
			buildConfigurations = (
				4F3E8F04205AC93C00FDDE58 /* Debug */,
				4F3E8F05205AC93C00FDDE58 /* Release */,
			);
			defaultConfigurationIsVisible = 0;
			defaultConfigurationName = Release;
		};
		4F3E8F06205AC93C00FDDE58 /* Build configuration list for PBXNativeTarget "WeatherGift" */ = {
			isa = XCConfigurationList;
			buildConfigurations = (
				4F3E8F07205AC93C00FDDE58 /* Debug */,
				4F3E8F08205AC93C00FDDE58 /* Release */,
			);
			defaultConfigurationIsVisible = 0;
			defaultConfigurationName = Release;
		};
/* End XCConfigurationList section */
	};
	rootObject = 4F3E8EEC205AC93B00FDDE58 /* Project object */;
}
